
Microsoft Visual Studio Solution File, Format Version 12.00
# Visual Studio Version 16
VisualStudioVersion = 16.0.29911.84
MinimumVisualStudioVersion = 10.0.40219.1
Project("{8BC9CEB8-8B4A-11D0-8D11-00A0C91BC942}") = "PasswordBox", "PasswordBox\PasswordBox.vcxproj", "{9986CE83-EB25-4373-9811-FEDA9D737550}"
EndProject
Project("{8BC9CEB8-8B4A-11D0-8D11-00A0C91BC942}") = "Dll_Management", "Dll_Management\Dll_Management.vcxproj", "{7520775A-B4E9-4B01-B5AE-4196310B5D3E}"
EndProject
Project("{8BC9CEB8-8B4A-11D0-8D11-00A0C91BC942}") = "Dll_SRW", "Dll_SR\Dll_SR.vcxproj", "{42F9FED2-9AF2-47E8-950D-9AF532513150}"
EndProject
Project("{8BC9CEB8-8B4A-11D0-8D11-00A0C91BC942}") = "Dll_Config", "Dll_Config\Dll_Config.vcxproj", "{F74F193A-9F6B-416C-85BD-F380232633FC}"
EndProject
Project("{8BC9CEB8-8B4A-11D0-8D11-00A0C91BC942}") = "Dll_Server", "Dll_Server\Dll_Server.vcxproj", "{13A57574-3501-4CAA-9A11-8FA179950C3E}"
EndProject
Project("{8BC9CEB8-8B4A-11D0-8D11-00A0C91BC942}") = "Dll_Log", "Dll_Log\Dll_Log.vcxproj", "{04709FFC-0C63-4860-A273-7B4BF0B0112D}"
EndProject
Global
	GlobalSection(SolutionConfigurationPlatforms) = preSolution
		Debug|x64 = Debug|x64
		Debug|x86 = Debug|x86
		Release|x64 = Release|x64
		Release|x86 = Release|x86
	EndGlobalSection
	GlobalSection(ProjectConfigurationPlatforms) = postSolution
		{9986CE83-EB25-4373-9811-FEDA9D737550}.Debug|x64.ActiveCfg = Debug|x64
		{9986CE83-EB25-4373-9811-FEDA9D737550}.Debug|x64.Build.0 = Debug|x64
		{9986CE83-EB25-4373-9811-FEDA9D737550}.Debug|x86.ActiveCfg = Debug|Win32
		{9986CE83-EB25-4373-9811-FEDA9D737550}.Debug|x86.Build.0 = Debug|Win32
		{9986CE83-EB25-4373-9811-FEDA9D737550}.Release|x64.ActiveCfg = Release|x64
		{9986CE83-EB25-4373-9811-FEDA9D737550}.Release|x64.Build.0 = Release|x64
		{9986CE83-EB25-4373-9811-FEDA9D737550}.Release|x86.ActiveCfg = Release|Win32
		{9986CE83-EB25-4373-9811-FEDA9D737550}.Release|x86.Build.0 = Release|Win32
		{7520775A-B4E9-4B01-B5AE-4196310B5D3E}.Debug|x64.ActiveCfg = Debug|x64
		{7520775A-B4E9-4B01-B5AE-4196310B5D3E}.Debug|x64.Build.0 = Debug|x64
		{7520775A-B4E9-4B01-B5AE-4196310B5D3E}.Debug|x86.ActiveCfg = Debug|Win32
		{7520775A-B4E9-4B01-B5AE-4196310B5D3E}.Debug|x86.Build.0 = Debug|Win32
		{7520775A-B4E9-4B01-B5AE-4196310B5D3E}.Release|x64.ActiveCfg = Release|x64
		{7520775A-B4E9-4B01-B5AE-4196310B5D3E}.Release|x64.Build.0 = Release|x64
		{7520775A-B4E9-4B01-B5AE-4196310B5D3E}.Release|x86.ActiveCfg = Release|Win32
		{7520775A-B4E9-4B01-B5AE-4196310B5D3E}.Release|x86.Build.0 = Release|Win32
		{42F9FED2-9AF2-47E8-950D-9AF532513150}.Debug|x64.ActiveCfg = Debug|x64
		{42F9FED2-9AF2-47E8-950D-9AF532513150}.Debug|x64.Build.0 = Debug|x64
		{42F9FED2-9AF2-47E8-950D-9AF532513150}.Debug|x86.ActiveCfg = Debug|Win32
		{42F9FED2-9AF2-47E8-950D-9AF532513150}.Debug|x86.Build.0 = Debug|Win32
		{42F9FED2-9AF2-47E8-950D-9AF532513150}.Release|x64.ActiveCfg = Release|x64
		{42F9FED2-9AF2-47E8-950D-9AF532513150}.Release|x64.Build.0 = Release|x64
		{42F9FED2-9AF2-47E8-950D-9AF532513150}.Release|x86.ActiveCfg = Release|Win32
		{42F9FED2-9AF2-47E8-950D-9AF532513150}.Release|x86.Build.0 = Release|Win32
		{F74F193A-9F6B-416C-85BD-F380232633FC}.Debug|x64.ActiveCfg = Debug|x64
		{F74F193A-9F6B-416C-85BD-F380232633FC}.Debug|x64.Build.0 = Debug|x64
		{F74F193A-9F6B-416C-85BD-F380232633FC}.Debug|x86.ActiveCfg = Debug|Win32
		{F74F193A-9F6B-416C-85BD-F380232633FC}.Debug|x86.Build.0 = Debug|Win32
		{F74F193A-9F6B-416C-85BD-F380232633FC}.Release|x64.ActiveCfg = Release|x64
		{F74F193A-9F6B-416C-85BD-F380232633FC}.Release|x64.Build.0 = Release|x64
		{F74F193A-9F6B-416C-85BD-F380232633FC}.Release|x86.ActiveCfg = Release|Win32
		{F74F193A-9F6B-416C-85BD-F380232633FC}.Release|x86.Build.0 = Release|Win32
		{13A57574-3501-4CAA-9A11-8FA179950C3E}.Debug|x64.ActiveCfg = Debug|x64
		{13A57574-3501-4CAA-9A11-8FA179950C3E}.Debug|x64.Build.0 = Debug|x64
		{13A57574-3501-4CAA-9A11-8FA179950C3E}.Debug|x86.ActiveCfg = Debug|Win32
		{13A57574-3501-4CAA-9A11-8FA179950C3E}.Debug|x86.Build.0 = Debug|Win32
		{13A57574-3501-4CAA-9A11-8FA179950C3E}.Release|x64.ActiveCfg = Release|x64
		{13A57574-3501-4CAA-9A11-8FA179950C3E}.Release|x64.Build.0 = Release|x64
		{13A57574-3501-4CAA-9A11-8FA179950C3E}.Release|x86.ActiveCfg = Release|Win32
		{13A57574-3501-4CAA-9A11-8FA179950C3E}.Release|x86.Build.0 = Release|Win32
		{04709FFC-0C63-4860-A273-7B4BF0B0112D}.Debug|x64.ActiveCfg = Debug|x64
		{04709FFC-0C63-4860-A273-7B4BF0B0112D}.Debug|x64.Build.0 = Debug|x64
		{04709FFC-0C63-4860-A273-7B4BF0B0112D}.Debug|x86.ActiveCfg = Debug|Win32
		{04709FFC-0C63-4860-A273-7B4BF0B0112D}.Debug|x86.Build.0 = Debug|Win32
		{04709FFC-0C63-4860-A273-7B4BF0B0112D}.Release|x64.ActiveCfg = Release|x64
		{04709FFC-0C63-4860-A273-7B4BF0B0112D}.Release|x64.Build.0 = Release|x64
		{04709FFC-0C63-4860-A273-7B4BF0B0112D}.Release|x86.ActiveCfg = Release|Win32
		{04709FFC-0C63-4860-A273-7B4BF0B0112D}.Release|x86.Build.0 = Release|Win32
	EndGlobalSection
	GlobalSection(SolutionProperties) = preSolution
		HideSolutionNode = FALSE
	EndGlobalSection
	GlobalSection(ExtensibilityGlobals) = postSolution
		SolutionGuid = {E1BFA038-2AB2-43C1-AEA6-5AFEE14EC0D4}
	EndGlobalSection
EndGlobal
