<?xml version="1.0" encoding="utf-8"?>
<Project ToolsVersion="4.0" xmlns="http://schemas.microsoft.com/developer/msbuild/2003">
  <ItemGroup>
    <Filter Include="源文件">
      <UniqueIdentifier>{4FC737F1-C7A5-4376-A066-2A32D752A2FF}</UniqueIdentifier>
      <Extensions>cpp;c;cc;cxx;def;odl;idl;hpj;bat;asm;asmx</Extensions>
    </Filter>
    <Filter Include="头文件">
      <UniqueIdentifier>{93995380-89BD-4b04-88EB-625FBE52EBFB}</UniqueIdentifier>
      <Extensions>h;hh;hpp;hxx;hm;inl;inc;ipp;xsd</Extensions>
    </Filter>
    <Filter Include="资源文件">
      <UniqueIdentifier>{67DA6AB6-F800-4c08-8B7A-83BB121AAD01}</UniqueIdentifier>
      <Extensions>rc;ico;cur;bmp;dlg;rc2;rct;bin;rgs;gif;jpg;jpeg;jpe;resx;tiff;tif;png;wav;mfcribbon-ms</Extensions>
    </Filter>
  </ItemGroup>
  <ItemGroup>
    <ClCompile Include="Dll_Server.cpp">
      <Filter>源文件</Filter>
    </ClCompile>
    <ClCompile Include="Weteoes\Variable.cpp">
      <Filter>源文件</Filter>
    </ClCompile>
    <ClCompile Include="Weteoes\Dll\WeteoesDll.cpp">
      <Filter>源文件</Filter>
    </ClCompile>
    <ClCompile Include="Weteoes\Application\Operating.cpp">
      <Filter>源文件</Filter>
    </ClCompile>
    <ClCompile Include="Weteoes\Application\HttpOperating.cpp">
      <Filter>源文件</Filter>
    </ClCompile>
    <ClCompile Include="Weteoes\More\Json\include\WJson.cpp">
      <Filter>源文件</Filter>
    </ClCompile>
    <ClCompile Include="Weteoes\Dll\ConfigDll.cpp">
      <Filter>源文件</Filter>
    </ClCompile>
    <ClCompile Include="Weteoes\Dll\LogDll.cpp">
      <Filter>源文件</Filter>
    </ClCompile>
  </ItemGroup>
  <ItemGroup>
    <ClInclude Include="resource.h">
      <Filter>头文件</Filter>
    </ClInclude>
    <ClInclude Include="pch.h">
      <Filter>头文件</Filter>
    </ClInclude>
    <ClInclude Include="Weteoes\Variable.h">
      <Filter>头文件</Filter>
    </ClInclude>
    <ClInclude Include="Weteoes\Dll\WeteoesDll.h">
      <Filter>头文件</Filter>
    </ClInclude>
    <ClInclude Include="Weteoes\Application\Operating.h">
      <Filter>头文件</Filter>
    </ClInclude>
    <ClInclude Include="Weteoes\Application\HttpOperating.h">
      <Filter>头文件</Filter>
    </ClInclude>
    <ClInclude Include="Weteoes\More\Json\include\allocator.h">
      <Filter>头文件</Filter>
    </ClInclude>
    <ClInclude Include="Weteoes\More\Json\include\assertions.h">
      <Filter>头文件</Filter>
    </ClInclude>
    <ClInclude Include="Weteoes\More\Json\include\config.h">
      <Filter>头文件</Filter>
    </ClInclude>
    <ClInclude Include="Weteoes\More\Json\include\forwards.h">
      <Filter>头文件</Filter>
    </ClInclude>
    <ClInclude Include="Weteoes\More\Json\include\json.h">
      <Filter>头文件</Filter>
    </ClInclude>
    <ClInclude Include="Weteoes\More\Json\include\reader.h">
      <Filter>头文件</Filter>
    </ClInclude>
    <ClInclude Include="Weteoes\More\Json\include\value.h">
      <Filter>头文件</Filter>
    </ClInclude>
    <ClInclude Include="Weteoes\More\Json\include\version.h">
      <Filter>头文件</Filter>
    </ClInclude>
    <ClInclude Include="Weteoes\More\Json\include\WJson.h">
      <Filter>头文件</Filter>
    </ClInclude>
    <ClInclude Include="Weteoes\More\Json\include\writer.h">
      <Filter>头文件</Filter>
    </ClInclude>
    <ClInclude Include="Weteoes\More\Json\include\json_features.h">
      <Filter>头文件</Filter>
    </ClInclude>
    <ClInclude Include="Weteoes\Dll\ConfigDll.h">
      <Filter>头文件</Filter>
    </ClInclude>
    <ClInclude Include="Weteoes\Dll\LogDll.h">
      <Filter>头文件</Filter>
    </ClInclude>
  </ItemGroup>
  <ItemGroup>
    <None Include="Source.def">
      <Filter>源文件</Filter>
    </None>
  </ItemGroup>
  <ItemGroup>
    <ResourceCompile Include="Dll_Server.rc">
      <Filter>资源文件</Filter>
    </ResourceCompile>
  </ItemGroup>
</Project>