<?xml version="1.0" encoding="utf-8"?>
<Project ToolsVersion="4.0" xmlns="http://schemas.microsoft.com/developer/msbuild/2003">
  <ItemGroup>
    <Filter Include="源文件">
      <UniqueIdentifier>{4FC737F1-C7A5-4376-A066-2A32D752A2FF}</UniqueIdentifier>
      <Extensions>cpp;c;cc;cxx;c++;def;odl;idl;hpj;bat;asm;asmx</Extensions>
    </Filter>
    <Filter Include="头文件">
      <UniqueIdentifier>{93995380-89BD-4b04-88EB-625FBE52EBFB}</UniqueIdentifier>
      <Extensions>h;hh;hpp;hxx;h++;hm;inl;inc;ipp;xsd</Extensions>
    </Filter>
    <Filter Include="资源文件">
      <UniqueIdentifier>{67DA6AB6-F800-4c08-8B7A-83BB121AAD01}</UniqueIdentifier>
      <Extensions>rc;ico;cur;bmp;dlg;rc2;rct;bin;rgs;gif;jpg;jpeg;jpe;resx;tiff;tif;png;wav;mfcribbon-ms</Extensions>
    </Filter>
  </ItemGroup>
  <ItemGroup>
    <ClInclude Include="PasswordBox.h">
      <Filter>头文件</Filter>
    </ClInclude>
    <ClInclude Include="framework.h">
      <Filter>头文件</Filter>
    </ClInclude>
    <ClInclude Include="targetver.h">
      <Filter>头文件</Filter>
    </ClInclude>
    <ClInclude Include="Resource.h">
      <Filter>头文件</Filter>
    </ClInclude>
    <ClInclude Include="pch.h">
      <Filter>头文件</Filter>
    </ClInclude>
    <ClInclude Include="Weteoes\Application\CEF\AppCef.h">
      <Filter>头文件</Filter>
    </ClInclude>
    <ClInclude Include="Weteoes\More\CEF\include\base\internal\cef_atomicops_arm64_msvc.h">
      <Filter>头文件</Filter>
    </ClInclude>
    <ClInclude Include="Weteoes\More\CEF\include\base\internal\cef_atomicops_x86_msvc.h">
      <Filter>头文件</Filter>
    </ClInclude>
    <ClInclude Include="Weteoes\More\CEF\include\base\internal\cef_bind_internal.h">
      <Filter>头文件</Filter>
    </ClInclude>
    <ClInclude Include="Weteoes\More\CEF\include\base\internal\cef_bind_internal_win.h">
      <Filter>头文件</Filter>
    </ClInclude>
    <ClInclude Include="Weteoes\More\CEF\include\base\internal\cef_callback_internal.h">
      <Filter>头文件</Filter>
    </ClInclude>
    <ClInclude Include="Weteoes\More\CEF\include\base\internal\cef_lock_impl.h">
      <Filter>头文件</Filter>
    </ClInclude>
    <ClInclude Include="Weteoes\More\CEF\include\base\internal\cef_net_error_list.h">
      <Filter>头文件</Filter>
    </ClInclude>
    <ClInclude Include="Weteoes\More\CEF\include\base\internal\cef_raw_scoped_refptr_mismatch_checker.h">
      <Filter>头文件</Filter>
    </ClInclude>
    <ClInclude Include="Weteoes\More\CEF\include\base\internal\cef_thread_checker_impl.h">
      <Filter>头文件</Filter>
    </ClInclude>
    <ClInclude Include="Weteoes\More\CEF\include\base\cef_atomic_ref_count.h">
      <Filter>头文件</Filter>
    </ClInclude>
    <ClInclude Include="Weteoes\More\CEF\include\base\cef_atomicops.h">
      <Filter>头文件</Filter>
    </ClInclude>
    <ClInclude Include="Weteoes\More\CEF\include\base\cef_basictypes.h">
      <Filter>头文件</Filter>
    </ClInclude>
    <ClInclude Include="Weteoes\More\CEF\include\base\cef_bind.h">
      <Filter>头文件</Filter>
    </ClInclude>
    <ClInclude Include="Weteoes\More\CEF\include\base\cef_bind_helpers.h">
      <Filter>头文件</Filter>
    </ClInclude>
    <ClInclude Include="Weteoes\More\CEF\include\base\cef_build.h">
      <Filter>头文件</Filter>
    </ClInclude>
    <ClInclude Include="Weteoes\More\CEF\include\base\cef_callback.h">
      <Filter>头文件</Filter>
    </ClInclude>
    <ClInclude Include="Weteoes\More\CEF\include\base\cef_callback_forward.h">
      <Filter>头文件</Filter>
    </ClInclude>
    <ClInclude Include="Weteoes\More\CEF\include\base\cef_callback_helpers.h">
      <Filter>头文件</Filter>
    </ClInclude>
    <ClInclude Include="Weteoes\More\CEF\include\base\cef_callback_list.h">
      <Filter>头文件</Filter>
    </ClInclude>
    <ClInclude Include="Weteoes\More\CEF\include\base\cef_cancelable_callback.h">
      <Filter>头文件</Filter>
    </ClInclude>
    <ClInclude Include="Weteoes\More\CEF\include\base\cef_lock.h">
      <Filter>头文件</Filter>
    </ClInclude>
    <ClInclude Include="Weteoes\More\CEF\include\base\cef_logging.h">
      <Filter>头文件</Filter>
    </ClInclude>
    <ClInclude Include="Weteoes\More\CEF\include\base\cef_macros.h">
      <Filter>头文件</Filter>
    </ClInclude>
    <ClInclude Include="Weteoes\More\CEF\include\base\cef_move.h">
      <Filter>头文件</Filter>
    </ClInclude>
    <ClInclude Include="Weteoes\More\CEF\include\base\cef_platform_thread.h">
      <Filter>头文件</Filter>
    </ClInclude>
    <ClInclude Include="Weteoes\More\CEF\include\base\cef_ref_counted.h">
      <Filter>头文件</Filter>
    </ClInclude>
    <ClInclude Include="Weteoes\More\CEF\include\base\cef_scoped_ptr.h">
      <Filter>头文件</Filter>
    </ClInclude>
    <ClInclude Include="Weteoes\More\CEF\include\base\cef_string16.h">
      <Filter>头文件</Filter>
    </ClInclude>
    <ClInclude Include="Weteoes\More\CEF\include\base\cef_template_util.h">
      <Filter>头文件</Filter>
    </ClInclude>
    <ClInclude Include="Weteoes\More\CEF\include\base\cef_thread_checker.h">
      <Filter>头文件</Filter>
    </ClInclude>
    <ClInclude Include="Weteoes\More\CEF\include\base\cef_trace_event.h">
      <Filter>头文件</Filter>
    </ClInclude>
    <ClInclude Include="Weteoes\More\CEF\include\base\cef_tuple.h">
      <Filter>头文件</Filter>
    </ClInclude>
    <ClInclude Include="Weteoes\More\CEF\include\base\cef_weak_ptr.h">
      <Filter>头文件</Filter>
    </ClInclude>
    <ClInclude Include="Weteoes\More\CEF\include\capi\test\cef_test_helpers_capi.h">
      <Filter>头文件</Filter>
    </ClInclude>
    <ClInclude Include="Weteoes\More\CEF\include\capi\test\cef_translator_test_capi.h">
      <Filter>头文件</Filter>
    </ClInclude>
    <ClInclude Include="Weteoes\More\CEF\include\capi\views\cef_box_layout_capi.h">
      <Filter>头文件</Filter>
    </ClInclude>
    <ClInclude Include="Weteoes\More\CEF\include\capi\views\cef_browser_view_capi.h">
      <Filter>头文件</Filter>
    </ClInclude>
    <ClInclude Include="Weteoes\More\CEF\include\capi\views\cef_browser_view_delegate_capi.h">
      <Filter>头文件</Filter>
    </ClInclude>
    <ClInclude Include="Weteoes\More\CEF\include\capi\views\cef_button_capi.h">
      <Filter>头文件</Filter>
    </ClInclude>
    <ClInclude Include="Weteoes\More\CEF\include\capi\views\cef_button_delegate_capi.h">
      <Filter>头文件</Filter>
    </ClInclude>
    <ClInclude Include="Weteoes\More\CEF\include\capi\views\cef_display_capi.h">
      <Filter>头文件</Filter>
    </ClInclude>
    <ClInclude Include="Weteoes\More\CEF\include\capi\views\cef_fill_layout_capi.h">
      <Filter>头文件</Filter>
    </ClInclude>
    <ClInclude Include="Weteoes\More\CEF\include\capi\views\cef_label_button_capi.h">
      <Filter>头文件</Filter>
    </ClInclude>
    <ClInclude Include="Weteoes\More\CEF\include\capi\views\cef_layout_capi.h">
      <Filter>头文件</Filter>
    </ClInclude>
    <ClInclude Include="Weteoes\More\CEF\include\capi\views\cef_menu_button_capi.h">
      <Filter>头文件</Filter>
    </ClInclude>
    <ClInclude Include="Weteoes\More\CEF\include\capi\views\cef_menu_button_delegate_capi.h">
      <Filter>头文件</Filter>
    </ClInclude>
    <ClInclude Include="Weteoes\More\CEF\include\capi\views\cef_panel_capi.h">
      <Filter>头文件</Filter>
    </ClInclude>
    <ClInclude Include="Weteoes\More\CEF\include\capi\views\cef_panel_delegate_capi.h">
      <Filter>头文件</Filter>
    </ClInclude>
    <ClInclude Include="Weteoes\More\CEF\include\capi\views\cef_scroll_view_capi.h">
      <Filter>头文件</Filter>
    </ClInclude>
    <ClInclude Include="Weteoes\More\CEF\include\capi\views\cef_textfield_capi.h">
      <Filter>头文件</Filter>
    </ClInclude>
    <ClInclude Include="Weteoes\More\CEF\include\capi\views\cef_textfield_delegate_capi.h">
      <Filter>头文件</Filter>
    </ClInclude>
    <ClInclude Include="Weteoes\More\CEF\include\capi\views\cef_view_capi.h">
      <Filter>头文件</Filter>
    </ClInclude>
    <ClInclude Include="Weteoes\More\CEF\include\capi\views\cef_view_delegate_capi.h">
      <Filter>头文件</Filter>
    </ClInclude>
    <ClInclude Include="Weteoes\More\CEF\include\capi\views\cef_window_capi.h">
      <Filter>头文件</Filter>
    </ClInclude>
    <ClInclude Include="Weteoes\More\CEF\include\capi\views\cef_window_delegate_capi.h">
      <Filter>头文件</Filter>
    </ClInclude>
    <ClInclude Include="Weteoes\More\CEF\include\capi\cef_accessibility_handler_capi.h">
      <Filter>头文件</Filter>
    </ClInclude>
    <ClInclude Include="Weteoes\More\CEF\include\capi\cef_app_capi.h">
      <Filter>头文件</Filter>
    </ClInclude>
    <ClInclude Include="Weteoes\More\CEF\include\capi\cef_auth_callback_capi.h">
      <Filter>头文件</Filter>
    </ClInclude>
    <ClInclude Include="Weteoes\More\CEF\include\capi\cef_base_capi.h">
      <Filter>头文件</Filter>
    </ClInclude>
    <ClInclude Include="Weteoes\More\CEF\include\capi\cef_browser_capi.h">
      <Filter>头文件</Filter>
    </ClInclude>
    <ClInclude Include="Weteoes\More\CEF\include\capi\cef_browser_process_handler_capi.h">
      <Filter>头文件</Filter>
    </ClInclude>
    <ClInclude Include="Weteoes\More\CEF\include\capi\cef_callback_capi.h">
      <Filter>头文件</Filter>
    </ClInclude>
    <ClInclude Include="Weteoes\More\CEF\include\capi\cef_client_capi.h">
      <Filter>头文件</Filter>
    </ClInclude>
    <ClInclude Include="Weteoes\More\CEF\include\capi\cef_command_line_capi.h">
      <Filter>头文件</Filter>
    </ClInclude>
    <ClInclude Include="Weteoes\More\CEF\include\capi\cef_context_menu_handler_capi.h">
      <Filter>头文件</Filter>
    </ClInclude>
    <ClInclude Include="Weteoes\More\CEF\include\capi\cef_cookie_capi.h">
      <Filter>头文件</Filter>
    </ClInclude>
    <ClInclude Include="Weteoes\More\CEF\include\capi\cef_crash_util_capi.h">
      <Filter>头文件</Filter>
    </ClInclude>
    <ClInclude Include="Weteoes\More\CEF\include\capi\cef_dialog_handler_capi.h">
      <Filter>头文件</Filter>
    </ClInclude>
    <ClInclude Include="Weteoes\More\CEF\include\capi\cef_display_handler_capi.h">
      <Filter>头文件</Filter>
    </ClInclude>
    <ClInclude Include="Weteoes\More\CEF\include\capi\cef_dom_capi.h">
      <Filter>头文件</Filter>
    </ClInclude>
    <ClInclude Include="Weteoes\More\CEF\include\capi\cef_download_handler_capi.h">
      <Filter>头文件</Filter>
    </ClInclude>
    <ClInclude Include="Weteoes\More\CEF\include\capi\cef_download_item_capi.h">
      <Filter>头文件</Filter>
    </ClInclude>
    <ClInclude Include="Weteoes\More\CEF\include\capi\cef_drag_data_capi.h">
      <Filter>头文件</Filter>
    </ClInclude>
    <ClInclude Include="Weteoes\More\CEF\include\capi\cef_drag_handler_capi.h">
      <Filter>头文件</Filter>
    </ClInclude>
    <ClInclude Include="Weteoes\More\CEF\include\capi\cef_extension_capi.h">
      <Filter>头文件</Filter>
    </ClInclude>
    <ClInclude Include="Weteoes\More\CEF\include\capi\cef_extension_handler_capi.h">
      <Filter>头文件</Filter>
    </ClInclude>
    <ClInclude Include="Weteoes\More\CEF\include\capi\cef_file_util_capi.h">
      <Filter>头文件</Filter>
    </ClInclude>
    <ClInclude Include="Weteoes\More\CEF\include\capi\cef_find_handler_capi.h">
      <Filter>头文件</Filter>
    </ClInclude>
    <ClInclude Include="Weteoes\More\CEF\include\capi\cef_focus_handler_capi.h">
      <Filter>头文件</Filter>
    </ClInclude>
    <ClInclude Include="Weteoes\More\CEF\include\capi\cef_frame_capi.h">
      <Filter>头文件</Filter>
    </ClInclude>
    <ClInclude Include="Weteoes\More\CEF\include\capi\cef_image_capi.h">
      <Filter>头文件</Filter>
    </ClInclude>
    <ClInclude Include="Weteoes\More\CEF\include\capi\cef_jsdialog_handler_capi.h">
      <Filter>头文件</Filter>
    </ClInclude>
    <ClInclude Include="Weteoes\More\CEF\include\capi\cef_keyboard_handler_capi.h">
      <Filter>头文件</Filter>
    </ClInclude>
    <ClInclude Include="Weteoes\More\CEF\include\capi\cef_life_span_handler_capi.h">
      <Filter>头文件</Filter>
    </ClInclude>
    <ClInclude Include="Weteoes\More\CEF\include\capi\cef_load_handler_capi.h">
      <Filter>头文件</Filter>
    </ClInclude>
    <ClInclude Include="Weteoes\More\CEF\include\capi\cef_menu_model_capi.h">
      <Filter>头文件</Filter>
    </ClInclude>
    <ClInclude Include="Weteoes\More\CEF\include\capi\cef_menu_model_delegate_capi.h">
      <Filter>头文件</Filter>
    </ClInclude>
    <ClInclude Include="Weteoes\More\CEF\include\capi\cef_navigation_entry_capi.h">
      <Filter>头文件</Filter>
    </ClInclude>
    <ClInclude Include="Weteoes\More\CEF\include\capi\cef_origin_whitelist_capi.h">
      <Filter>头文件</Filter>
    </ClInclude>
    <ClInclude Include="Weteoes\More\CEF\include\capi\cef_parser_capi.h">
      <Filter>头文件</Filter>
    </ClInclude>
    <ClInclude Include="Weteoes\More\CEF\include\capi\cef_path_util_capi.h">
      <Filter>头文件</Filter>
    </ClInclude>
    <ClInclude Include="Weteoes\More\CEF\include\capi\cef_print_handler_capi.h">
      <Filter>头文件</Filter>
    </ClInclude>
    <ClInclude Include="Weteoes\More\CEF\include\capi\cef_print_settings_capi.h">
      <Filter>头文件</Filter>
    </ClInclude>
    <ClInclude Include="Weteoes\More\CEF\include\capi\cef_process_message_capi.h">
      <Filter>头文件</Filter>
    </ClInclude>
    <ClInclude Include="Weteoes\More\CEF\include\capi\cef_process_util_capi.h">
      <Filter>头文件</Filter>
    </ClInclude>
    <ClInclude Include="Weteoes\More\CEF\include\capi\cef_render_handler_capi.h">
      <Filter>头文件</Filter>
    </ClInclude>
    <ClInclude Include="Weteoes\More\CEF\include\capi\cef_render_process_handler_capi.h">
      <Filter>头文件</Filter>
    </ClInclude>
    <ClInclude Include="Weteoes\More\CEF\include\capi\cef_request_callback_capi.h">
      <Filter>头文件</Filter>
    </ClInclude>
    <ClInclude Include="Weteoes\More\CEF\include\capi\cef_request_capi.h">
      <Filter>头文件</Filter>
    </ClInclude>
    <ClInclude Include="Weteoes\More\CEF\include\capi\cef_request_context_capi.h">
      <Filter>头文件</Filter>
    </ClInclude>
    <ClInclude Include="Weteoes\More\CEF\include\capi\cef_request_context_handler_capi.h">
      <Filter>头文件</Filter>
    </ClInclude>
    <ClInclude Include="Weteoes\More\CEF\include\capi\cef_request_handler_capi.h">
      <Filter>头文件</Filter>
    </ClInclude>
    <ClInclude Include="Weteoes\More\CEF\include\capi\cef_resource_bundle_capi.h">
      <Filter>头文件</Filter>
    </ClInclude>
    <ClInclude Include="Weteoes\More\CEF\include\capi\cef_resource_bundle_handler_capi.h">
      <Filter>头文件</Filter>
    </ClInclude>
    <ClInclude Include="Weteoes\More\CEF\include\capi\cef_resource_handler_capi.h">
      <Filter>头文件</Filter>
    </ClInclude>
    <ClInclude Include="Weteoes\More\CEF\include\capi\cef_resource_request_handler_capi.h">
      <Filter>头文件</Filter>
    </ClInclude>
    <ClInclude Include="Weteoes\More\CEF\include\capi\cef_response_capi.h">
      <Filter>头文件</Filter>
    </ClInclude>
    <ClInclude Include="Weteoes\More\CEF\include\capi\cef_response_filter_capi.h">
      <Filter>头文件</Filter>
    </ClInclude>
    <ClInclude Include="Weteoes\More\CEF\include\capi\cef_scheme_capi.h">
      <Filter>头文件</Filter>
    </ClInclude>
    <ClInclude Include="Weteoes\More\CEF\include\capi\cef_server_capi.h">
      <Filter>头文件</Filter>
    </ClInclude>
    <ClInclude Include="Weteoes\More\CEF\include\capi\cef_ssl_info_capi.h">
      <Filter>头文件</Filter>
    </ClInclude>
    <ClInclude Include="Weteoes\More\CEF\include\capi\cef_ssl_status_capi.h">
      <Filter>头文件</Filter>
    </ClInclude>
    <ClInclude Include="Weteoes\More\CEF\include\capi\cef_stream_capi.h">
      <Filter>头文件</Filter>
    </ClInclude>
    <ClInclude Include="Weteoes\More\CEF\include\capi\cef_string_visitor_capi.h">
      <Filter>头文件</Filter>
    </ClInclude>
    <ClInclude Include="Weteoes\More\CEF\include\capi\cef_task_capi.h">
      <Filter>头文件</Filter>
    </ClInclude>
    <ClInclude Include="Weteoes\More\CEF\include\capi\cef_thread_capi.h">
      <Filter>头文件</Filter>
    </ClInclude>
    <ClInclude Include="Weteoes\More\CEF\include\capi\cef_trace_capi.h">
      <Filter>头文件</Filter>
    </ClInclude>
    <ClInclude Include="Weteoes\More\CEF\include\capi\cef_urlrequest_capi.h">
      <Filter>头文件</Filter>
    </ClInclude>
    <ClInclude Include="Weteoes\More\CEF\include\capi\cef_v8_capi.h">
      <Filter>头文件</Filter>
    </ClInclude>
    <ClInclude Include="Weteoes\More\CEF\include\capi\cef_values_capi.h">
      <Filter>头文件</Filter>
    </ClInclude>
    <ClInclude Include="Weteoes\More\CEF\include\capi\cef_waitable_event_capi.h">
      <Filter>头文件</Filter>
    </ClInclude>
    <ClInclude Include="Weteoes\More\CEF\include\capi\cef_web_plugin_capi.h">
      <Filter>头文件</Filter>
    </ClInclude>
    <ClInclude Include="Weteoes\More\CEF\include\capi\cef_x509_certificate_capi.h">
      <Filter>头文件</Filter>
    </ClInclude>
    <ClInclude Include="Weteoes\More\CEF\include\capi\cef_xml_reader_capi.h">
      <Filter>头文件</Filter>
    </ClInclude>
    <ClInclude Include="Weteoes\More\CEF\include\capi\cef_zip_reader_capi.h">
      <Filter>头文件</Filter>
    </ClInclude>
    <ClInclude Include="Weteoes\More\CEF\include\internal\cef_export.h">
      <Filter>头文件</Filter>
    </ClInclude>
    <ClInclude Include="Weteoes\More\CEF\include\internal\cef_logging_internal.h">
      <Filter>头文件</Filter>
    </ClInclude>
    <ClInclude Include="Weteoes\More\CEF\include\internal\cef_ptr.h">
      <Filter>头文件</Filter>
    </ClInclude>
    <ClInclude Include="Weteoes\More\CEF\include\internal\cef_string.h">
      <Filter>头文件</Filter>
    </ClInclude>
    <ClInclude Include="Weteoes\More\CEF\include\internal\cef_string_list.h">
      <Filter>头文件</Filter>
    </ClInclude>
    <ClInclude Include="Weteoes\More\CEF\include\internal\cef_string_map.h">
      <Filter>头文件</Filter>
    </ClInclude>
    <ClInclude Include="Weteoes\More\CEF\include\internal\cef_string_multimap.h">
      <Filter>头文件</Filter>
    </ClInclude>
    <ClInclude Include="Weteoes\More\CEF\include\internal\cef_string_types.h">
      <Filter>头文件</Filter>
    </ClInclude>
    <ClInclude Include="Weteoes\More\CEF\include\internal\cef_string_wrappers.h">
      <Filter>头文件</Filter>
    </ClInclude>
    <ClInclude Include="Weteoes\More\CEF\include\internal\cef_thread_internal.h">
      <Filter>头文件</Filter>
    </ClInclude>
    <ClInclude Include="Weteoes\More\CEF\include\internal\cef_time.h">
      <Filter>头文件</Filter>
    </ClInclude>
    <ClInclude Include="Weteoes\More\CEF\include\internal\cef_trace_event_internal.h">
      <Filter>头文件</Filter>
    </ClInclude>
    <ClInclude Include="Weteoes\More\CEF\include\internal\cef_types.h">
      <Filter>头文件</Filter>
    </ClInclude>
    <ClInclude Include="Weteoes\More\CEF\include\internal\cef_types_win.h">
      <Filter>头文件</Filter>
    </ClInclude>
    <ClInclude Include="Weteoes\More\CEF\include\internal\cef_types_wrappers.h">
      <Filter>头文件</Filter>
    </ClInclude>
    <ClInclude Include="Weteoes\More\CEF\include\internal\cef_win.h">
      <Filter>头文件</Filter>
    </ClInclude>
    <ClInclude Include="Weteoes\More\CEF\include\test\cef_test_helpers.h">
      <Filter>头文件</Filter>
    </ClInclude>
    <ClInclude Include="Weteoes\More\CEF\include\test\cef_translator_test.h">
      <Filter>头文件</Filter>
    </ClInclude>
    <ClInclude Include="Weteoes\More\CEF\include\views\cef_box_layout.h">
      <Filter>头文件</Filter>
    </ClInclude>
    <ClInclude Include="Weteoes\More\CEF\include\views\cef_browser_view.h">
      <Filter>头文件</Filter>
    </ClInclude>
    <ClInclude Include="Weteoes\More\CEF\include\views\cef_browser_view_delegate.h">
      <Filter>头文件</Filter>
    </ClInclude>
    <ClInclude Include="Weteoes\More\CEF\include\views\cef_button.h">
      <Filter>头文件</Filter>
    </ClInclude>
    <ClInclude Include="Weteoes\More\CEF\include\views\cef_button_delegate.h">
      <Filter>头文件</Filter>
    </ClInclude>
    <ClInclude Include="Weteoes\More\CEF\include\views\cef_display.h">
      <Filter>头文件</Filter>
    </ClInclude>
    <ClInclude Include="Weteoes\More\CEF\include\views\cef_fill_layout.h">
      <Filter>头文件</Filter>
    </ClInclude>
    <ClInclude Include="Weteoes\More\CEF\include\views\cef_label_button.h">
      <Filter>头文件</Filter>
    </ClInclude>
    <ClInclude Include="Weteoes\More\CEF\include\views\cef_layout.h">
      <Filter>头文件</Filter>
    </ClInclude>
    <ClInclude Include="Weteoes\More\CEF\include\views\cef_menu_button.h">
      <Filter>头文件</Filter>
    </ClInclude>
    <ClInclude Include="Weteoes\More\CEF\include\views\cef_menu_button_delegate.h">
      <Filter>头文件</Filter>
    </ClInclude>
    <ClInclude Include="Weteoes\More\CEF\include\views\cef_panel.h">
      <Filter>头文件</Filter>
    </ClInclude>
    <ClInclude Include="Weteoes\More\CEF\include\views\cef_panel_delegate.h">
      <Filter>头文件</Filter>
    </ClInclude>
    <ClInclude Include="Weteoes\More\CEF\include\views\cef_scroll_view.h">
      <Filter>头文件</Filter>
    </ClInclude>
    <ClInclude Include="Weteoes\More\CEF\include\views\cef_textfield.h">
      <Filter>头文件</Filter>
    </ClInclude>
    <ClInclude Include="Weteoes\More\CEF\include\views\cef_textfield_delegate.h">
      <Filter>头文件</Filter>
    </ClInclude>
    <ClInclude Include="Weteoes\More\CEF\include\views\cef_view.h">
      <Filter>头文件</Filter>
    </ClInclude>
    <ClInclude Include="Weteoes\More\CEF\include\views\cef_view_delegate.h">
      <Filter>头文件</Filter>
    </ClInclude>
    <ClInclude Include="Weteoes\More\CEF\include\views\cef_window.h">
      <Filter>头文件</Filter>
    </ClInclude>
    <ClInclude Include="Weteoes\More\CEF\include\views\cef_window_delegate.h">
      <Filter>头文件</Filter>
    </ClInclude>
    <ClInclude Include="Weteoes\More\CEF\include\wrapper\cef_byte_read_handler.h">
      <Filter>头文件</Filter>
    </ClInclude>
    <ClInclude Include="Weteoes\More\CEF\include\wrapper\cef_closure_task.h">
      <Filter>头文件</Filter>
    </ClInclude>
    <ClInclude Include="Weteoes\More\CEF\include\wrapper\cef_helpers.h">
      <Filter>头文件</Filter>
    </ClInclude>
    <ClInclude Include="Weteoes\More\CEF\include\wrapper\cef_message_router.h">
      <Filter>头文件</Filter>
    </ClInclude>
    <ClInclude Include="Weteoes\More\CEF\include\wrapper\cef_resource_manager.h">
      <Filter>头文件</Filter>
    </ClInclude>
    <ClInclude Include="Weteoes\More\CEF\include\wrapper\cef_scoped_temp_dir.h">
      <Filter>头文件</Filter>
    </ClInclude>
    <ClInclude Include="Weteoes\More\CEF\include\wrapper\cef_stream_resource_handler.h">
      <Filter>头文件</Filter>
    </ClInclude>
    <ClInclude Include="Weteoes\More\CEF\include\wrapper\cef_xml_object.h">
      <Filter>头文件</Filter>
    </ClInclude>
    <ClInclude Include="Weteoes\More\CEF\include\wrapper\cef_zip_archive.h">
      <Filter>头文件</Filter>
    </ClInclude>
    <ClInclude Include="Weteoes\More\CEF\include\cef_accessibility_handler.h">
      <Filter>头文件</Filter>
    </ClInclude>
    <ClInclude Include="Weteoes\More\CEF\include\cef_api_hash.h">
      <Filter>头文件</Filter>
    </ClInclude>
    <ClInclude Include="Weteoes\More\CEF\include\cef_app.h">
      <Filter>头文件</Filter>
    </ClInclude>
    <ClInclude Include="Weteoes\More\CEF\include\cef_auth_callback.h">
      <Filter>头文件</Filter>
    </ClInclude>
    <ClInclude Include="Weteoes\More\CEF\include\cef_base.h">
      <Filter>头文件</Filter>
    </ClInclude>
    <ClInclude Include="Weteoes\More\CEF\include\cef_browser.h">
      <Filter>头文件</Filter>
    </ClInclude>
    <ClInclude Include="Weteoes\More\CEF\include\cef_browser_process_handler.h">
      <Filter>头文件</Filter>
    </ClInclude>
    <ClInclude Include="Weteoes\More\CEF\include\cef_callback.h">
      <Filter>头文件</Filter>
    </ClInclude>
    <ClInclude Include="Weteoes\More\CEF\include\cef_client.h">
      <Filter>头文件</Filter>
    </ClInclude>
    <ClInclude Include="Weteoes\More\CEF\include\cef_command_line.h">
      <Filter>头文件</Filter>
    </ClInclude>
    <ClInclude Include="Weteoes\More\CEF\include\cef_config.h">
      <Filter>头文件</Filter>
    </ClInclude>
    <ClInclude Include="Weteoes\More\CEF\include\cef_context_menu_handler.h">
      <Filter>头文件</Filter>
    </ClInclude>
    <ClInclude Include="Weteoes\More\CEF\include\cef_cookie.h">
      <Filter>头文件</Filter>
    </ClInclude>
    <ClInclude Include="Weteoes\More\CEF\include\cef_crash_util.h">
      <Filter>头文件</Filter>
    </ClInclude>
    <ClInclude Include="Weteoes\More\CEF\include\cef_dialog_handler.h">
      <Filter>头文件</Filter>
    </ClInclude>
    <ClInclude Include="Weteoes\More\CEF\include\cef_display_handler.h">
      <Filter>头文件</Filter>
    </ClInclude>
    <ClInclude Include="Weteoes\More\CEF\include\cef_dom.h">
      <Filter>头文件</Filter>
    </ClInclude>
    <ClInclude Include="Weteoes\More\CEF\include\cef_download_handler.h">
      <Filter>头文件</Filter>
    </ClInclude>
    <ClInclude Include="Weteoes\More\CEF\include\cef_download_item.h">
      <Filter>头文件</Filter>
    </ClInclude>
    <ClInclude Include="Weteoes\More\CEF\include\cef_drag_data.h">
      <Filter>头文件</Filter>
    </ClInclude>
    <ClInclude Include="Weteoes\More\CEF\include\cef_drag_handler.h">
      <Filter>头文件</Filter>
    </ClInclude>
    <ClInclude Include="Weteoes\More\CEF\include\cef_extension.h">
      <Filter>头文件</Filter>
    </ClInclude>
    <ClInclude Include="Weteoes\More\CEF\include\cef_extension_handler.h">
      <Filter>头文件</Filter>
    </ClInclude>
    <ClInclude Include="Weteoes\More\CEF\include\cef_file_util.h">
      <Filter>头文件</Filter>
    </ClInclude>
    <ClInclude Include="Weteoes\More\CEF\include\cef_find_handler.h">
      <Filter>头文件</Filter>
    </ClInclude>
    <ClInclude Include="Weteoes\More\CEF\include\cef_focus_handler.h">
      <Filter>头文件</Filter>
    </ClInclude>
    <ClInclude Include="Weteoes\More\CEF\include\cef_frame.h">
      <Filter>头文件</Filter>
    </ClInclude>
    <ClInclude Include="Weteoes\More\CEF\include\cef_image.h">
      <Filter>头文件</Filter>
    </ClInclude>
    <ClInclude Include="Weteoes\More\CEF\include\cef_jsdialog_handler.h">
      <Filter>头文件</Filter>
    </ClInclude>
    <ClInclude Include="Weteoes\More\CEF\include\cef_keyboard_handler.h">
      <Filter>头文件</Filter>
    </ClInclude>
    <ClInclude Include="Weteoes\More\CEF\include\cef_life_span_handler.h">
      <Filter>头文件</Filter>
    </ClInclude>
    <ClInclude Include="Weteoes\More\CEF\include\cef_load_handler.h">
      <Filter>头文件</Filter>
    </ClInclude>
    <ClInclude Include="Weteoes\More\CEF\include\cef_menu_model.h">
      <Filter>头文件</Filter>
    </ClInclude>
    <ClInclude Include="Weteoes\More\CEF\include\cef_menu_model_delegate.h">
      <Filter>头文件</Filter>
    </ClInclude>
    <ClInclude Include="Weteoes\More\CEF\include\cef_navigation_entry.h">
      <Filter>头文件</Filter>
    </ClInclude>
    <ClInclude Include="Weteoes\More\CEF\include\cef_origin_whitelist.h">
      <Filter>头文件</Filter>
    </ClInclude>
    <ClInclude Include="Weteoes\More\CEF\include\cef_pack_resources.h">
      <Filter>头文件</Filter>
    </ClInclude>
    <ClInclude Include="Weteoes\More\CEF\include\cef_pack_strings.h">
      <Filter>头文件</Filter>
    </ClInclude>
    <ClInclude Include="Weteoes\More\CEF\include\cef_parser.h">
      <Filter>头文件</Filter>
    </ClInclude>
    <ClInclude Include="Weteoes\More\CEF\include\cef_path_util.h">
      <Filter>头文件</Filter>
    </ClInclude>
    <ClInclude Include="Weteoes\More\CEF\include\cef_print_handler.h">
      <Filter>头文件</Filter>
    </ClInclude>
    <ClInclude Include="Weteoes\More\CEF\include\cef_print_settings.h">
      <Filter>头文件</Filter>
    </ClInclude>
    <ClInclude Include="Weteoes\More\CEF\include\cef_process_message.h">
      <Filter>头文件</Filter>
    </ClInclude>
    <ClInclude Include="Weteoes\More\CEF\include\cef_process_util.h">
      <Filter>头文件</Filter>
    </ClInclude>
    <ClInclude Include="Weteoes\More\CEF\include\cef_render_handler.h">
      <Filter>头文件</Filter>
    </ClInclude>
    <ClInclude Include="Weteoes\More\CEF\include\cef_render_process_handler.h">
      <Filter>头文件</Filter>
    </ClInclude>
    <ClInclude Include="Weteoes\More\CEF\include\cef_request.h">
      <Filter>头文件</Filter>
    </ClInclude>
    <ClInclude Include="Weteoes\More\CEF\include\cef_request_callback.h">
      <Filter>头文件</Filter>
    </ClInclude>
    <ClInclude Include="Weteoes\More\CEF\include\cef_request_context.h">
      <Filter>头文件</Filter>
    </ClInclude>
    <ClInclude Include="Weteoes\More\CEF\include\cef_request_context_handler.h">
      <Filter>头文件</Filter>
    </ClInclude>
    <ClInclude Include="Weteoes\More\CEF\include\cef_request_handler.h">
      <Filter>头文件</Filter>
    </ClInclude>
    <ClInclude Include="Weteoes\More\CEF\include\cef_resource_bundle.h">
      <Filter>头文件</Filter>
    </ClInclude>
    <ClInclude Include="Weteoes\More\CEF\include\cef_resource_bundle_handler.h">
      <Filter>头文件</Filter>
    </ClInclude>
    <ClInclude Include="Weteoes\More\CEF\include\cef_resource_handler.h">
      <Filter>头文件</Filter>
    </ClInclude>
    <ClInclude Include="Weteoes\More\CEF\include\cef_resource_request_handler.h">
      <Filter>头文件</Filter>
    </ClInclude>
    <ClInclude Include="Weteoes\More\CEF\include\cef_response.h">
      <Filter>头文件</Filter>
    </ClInclude>
    <ClInclude Include="Weteoes\More\CEF\include\cef_response_filter.h">
      <Filter>头文件</Filter>
    </ClInclude>
    <ClInclude Include="Weteoes\More\CEF\include\cef_sandbox_win.h">
      <Filter>头文件</Filter>
    </ClInclude>
    <ClInclude Include="Weteoes\More\CEF\include\cef_scheme.h">
      <Filter>头文件</Filter>
    </ClInclude>
    <ClInclude Include="Weteoes\More\CEF\include\cef_server.h">
      <Filter>头文件</Filter>
    </ClInclude>
    <ClInclude Include="Weteoes\More\CEF\include\cef_ssl_info.h">
      <Filter>头文件</Filter>
    </ClInclude>
    <ClInclude Include="Weteoes\More\CEF\include\cef_ssl_status.h">
      <Filter>头文件</Filter>
    </ClInclude>
    <ClInclude Include="Weteoes\More\CEF\include\cef_stream.h">
      <Filter>头文件</Filter>
    </ClInclude>
    <ClInclude Include="Weteoes\More\CEF\include\cef_string_visitor.h">
      <Filter>头文件</Filter>
    </ClInclude>
    <ClInclude Include="Weteoes\More\CEF\include\cef_task.h">
      <Filter>头文件</Filter>
    </ClInclude>
    <ClInclude Include="Weteoes\More\CEF\include\cef_thread.h">
      <Filter>头文件</Filter>
    </ClInclude>
    <ClInclude Include="Weteoes\More\CEF\include\cef_trace.h">
      <Filter>头文件</Filter>
    </ClInclude>
    <ClInclude Include="Weteoes\More\CEF\include\cef_urlrequest.h">
      <Filter>头文件</Filter>
    </ClInclude>
    <ClInclude Include="Weteoes\More\CEF\include\cef_v8.h">
      <Filter>头文件</Filter>
    </ClInclude>
    <ClInclude Include="Weteoes\More\CEF\include\cef_values.h">
      <Filter>头文件</Filter>
    </ClInclude>
    <ClInclude Include="Weteoes\More\CEF\include\cef_version.h">
      <Filter>头文件</Filter>
    </ClInclude>
    <ClInclude Include="Weteoes\More\CEF\include\cef_waitable_event.h">
      <Filter>头文件</Filter>
    </ClInclude>
    <ClInclude Include="Weteoes\More\CEF\include\cef_web_plugin.h">
      <Filter>头文件</Filter>
    </ClInclude>
    <ClInclude Include="Weteoes\More\CEF\include\cef_x509_certificate.h">
      <Filter>头文件</Filter>
    </ClInclude>
    <ClInclude Include="Weteoes\More\CEF\include\cef_xml_reader.h">
      <Filter>头文件</Filter>
    </ClInclude>
    <ClInclude Include="Weteoes\More\CEF\include\cef_zip_reader.h">
      <Filter>头文件</Filter>
    </ClInclude>
    <ClInclude Include="Weteoes\More\CEF\Config.h">
      <Filter>头文件</Filter>
    </ClInclude>
    <ClInclude Include="Weteoes\Dll\WeteoesDll.h">
      <Filter>头文件</Filter>
    </ClInclude>
    <ClInclude Include="Weteoes\Dll\ManagementDll.h">
      <Filter>头文件</Filter>
    </ClInclude>
    <ClInclude Include="Weteoes\Application\AppConfig.h">
      <Filter>头文件</Filter>
    </ClInclude>
    <ClInclude Include="Weteoes\Dll\SRWDll.h">
      <Filter>头文件</Filter>
    </ClInclude>
    <ClInclude Include="Weteoes\More\CEF\Application\CEF_App.h">
      <Filter>头文件</Filter>
    </ClInclude>
    <ClInclude Include="Weteoes\More\CEF\Application\CEF_V8Handler.h">
      <Filter>头文件</Filter>
    </ClInclude>
    <ClInclude Include="Weteoes\More\CEF\Application\CEF_Handler.h">
      <Filter>头文件</Filter>
    </ClInclude>
    <ClInclude Include="Weteoes\More\CEF\Application\CEF_WindowDelegate.h">
      <Filter>头文件</Filter>
    </ClInclude>
    <ClInclude Include="Weteoes\Variable.h">
      <Filter>头文件</Filter>
    </ClInclude>
    <ClInclude Include="Weteoes\More\CEF\Application\Dlg\Main\CEF_Main_V8Handler.h">
      <Filter>头文件</Filter>
    </ClInclude>
    <ClInclude Include="Weteoes\Application\Dll\APP_Dll_SWR.h">
      <Filter>头文件</Filter>
    </ClInclude>
    <ClInclude Include="Weteoes\Application\AppIcon.h">
      <Filter>头文件</Filter>
    </ClInclude>
    <ClInclude Include="Weteoes\Application\AppDlg.h">
      <Filter>头文件</Filter>
    </ClInclude>
    <ClInclude Include="Weteoes\More\CEF\Application\Dlg\Init\CEF_Init_V8Handler.h">
      <Filter>头文件</Filter>
    </ClInclude>
    <ClInclude Include="Weteoes\More\CEF\Application\Ready\CEF_App_Ready.h">
      <Filter>头文件</Filter>
    </ClInclude>
    <ClInclude Include="Weteoes\More\CEF\Application\Dlg\Login\CEF_Login_V8Handler.h">
      <Filter>头文件</Filter>
    </ClInclude>
    <ClInclude Include="Weteoes\Application\CreateDlg.h">
      <Filter>头文件</Filter>
    </ClInclude>
    <ClInclude Include="Weteoes\More\CEF\Application\Dlg\ChangePassword\CEF_ChangePassword_V8Handler.h">
      <Filter>头文件</Filter>
    </ClInclude>
    <ClInclude Include="Weteoes\Application\CEF\AppCefBasic.h">
      <Filter>头文件</Filter>
    </ClInclude>
    <ClInclude Include="Weteoes\Dlg\BrowserDlg.h">
      <Filter>头文件</Filter>
    </ClInclude>
    <ClInclude Include="Weteoes\Dlg\initDlg.h">
      <Filter>头文件</Filter>
    </ClInclude>
    <ClInclude Include="Weteoes\Application\Login\LoginSSO.h">
      <Filter>头文件</Filter>
    </ClInclude>
    <ClInclude Include="Weteoes\Application\CEF\AppCookieVisitor.h">
      <Filter>头文件</Filter>
    </ClInclude>
    <ClInclude Include="Weteoes\Application\AppDlgCallBack.h">
      <Filter>头文件</Filter>
    </ClInclude>
    <ClInclude Include="Weteoes\Dll\ConfigDll.h">
      <Filter>头文件</Filter>
    </ClInclude>
  </ItemGroup>
  <ItemGroup>
    <ClCompile Include="PasswordBox.cpp">
      <Filter>源文件</Filter>
    </ClCompile>
    <ClCompile Include="pch.cpp">
      <Filter>源文件</Filter>
    </ClCompile>
    <ClCompile Include="Weteoes\Application\CEF\AppCef.cpp">
      <Filter>源文件</Filter>
    </ClCompile>
    <ClCompile Include="Weteoes\Dll\WeteoesDll.cpp">
      <Filter>源文件</Filter>
    </ClCompile>
    <ClCompile Include="Weteoes\Dll\ManagementDll.cpp">
      <Filter>源文件</Filter>
    </ClCompile>
    <ClCompile Include="Weteoes\Application\AppConfig.cpp">
      <Filter>源文件</Filter>
    </ClCompile>
    <ClCompile Include="Weteoes\Dll\SRWDll.cpp">
      <Filter>源文件</Filter>
    </ClCompile>
    <ClCompile Include="Weteoes\More\CEF\Application\CEF_App.cc">
      <Filter>源文件</Filter>
    </ClCompile>
    <ClCompile Include="Weteoes\More\CEF\Application\CEF_V8Handler.cpp">
      <Filter>源文件</Filter>
    </ClCompile>
    <ClCompile Include="Weteoes\More\CEF\Application\CEF_Handler.cc">
      <Filter>源文件</Filter>
    </ClCompile>
    <ClCompile Include="Weteoes\Variable.cpp">
      <Filter>源文件</Filter>
    </ClCompile>
    <ClCompile Include="Weteoes\More\CEF\Application\Dlg\Main\CEF_Main_V8Handler.cpp">
      <Filter>源文件</Filter>
    </ClCompile>
    <ClCompile Include="Weteoes\Application\Dll\APP_Dll_SWR.cpp">
      <Filter>源文件</Filter>
    </ClCompile>
    <ClCompile Include="Weteoes\Application\AppIcon.cpp">
      <Filter>源文件</Filter>
    </ClCompile>
    <ClCompile Include="Weteoes\Application\AppDlg.cpp">
      <Filter>源文件</Filter>
    </ClCompile>
    <ClCompile Include="Weteoes\More\CEF\Application\Dlg\Init\CEF_Init_V8Handler.cpp">
      <Filter>源文件</Filter>
    </ClCompile>
    <ClCompile Include="Weteoes\More\CEF\Application\Ready\CEF_App_Ready.cpp">
      <Filter>源文件</Filter>
    </ClCompile>
    <ClCompile Include="Weteoes\More\CEF\Application\Dlg\Login\CEF_Login_V8Handler.cpp">
      <Filter>源文件</Filter>
    </ClCompile>
    <ClCompile Include="Weteoes\Application\CreateDlg.cpp">
      <Filter>源文件</Filter>
    </ClCompile>
    <ClCompile Include="Weteoes\More\CEF\Application\Dlg\ChangePassword\CEF_ChangePassword_V8Handler.cpp">
      <Filter>源文件</Filter>
    </ClCompile>
    <ClCompile Include="Weteoes\Application\CEF\AppCefBasic.cpp">
      <Filter>源文件</Filter>
    </ClCompile>
    <ClCompile Include="Weteoes\Dlg\BrowserDlg.cpp">
      <Filter>源文件</Filter>
    </ClCompile>
    <ClCompile Include="Weteoes\Dlg\initDlg.cpp">
      <Filter>源文件</Filter>
    </ClCompile>
    <ClCompile Include="Weteoes\Application\Login\LoginSSO.cpp">
      <Filter>源文件</Filter>
    </ClCompile>
    <ClCompile Include="Weteoes\Application\CEF\AppCookieVisitor.cpp">
      <Filter>源文件</Filter>
    </ClCompile>
    <ClCompile Include="Weteoes\Application\AppDlgCallBack.cpp">
      <Filter>源文件</Filter>
    </ClCompile>
    <ClCompile Include="Weteoes\Dll\ConfigDll.cpp">
      <Filter>源文件</Filter>
    </ClCompile>
  </ItemGroup>
  <ItemGroup>
    <ResourceCompile Include="PasswordBox.rc">
      <Filter>资源文件</Filter>
    </ResourceCompile>
  </ItemGroup>
  <ItemGroup>
    <None Include="res\PasswordBox.rc2">
      <Filter>资源文件</Filter>
    </None>
  </ItemGroup>
  <ItemGroup>
    <Image Include="res\PasswordBox.ico">
      <Filter>资源文件</Filter>
    </Image>
    <Image Include="res\icon1.ico">
      <Filter>资源文件</Filter>
    </Image>
    <Image Include="..\Weteoes\icon\icon.ico">
      <Filter>资源文件</Filter>
    </Image>
    <Image Include="..\Weteoes\icon\desktop.ico">
      <Filter>资源文件</Filter>
    </Image>
    <Image Include="res\icon.ico">
      <Filter>资源文件</Filter>
    </Image>
  </ItemGroup>
</Project>